
Microsoft Visual Studio Solution File, Format Version 12.00
# Visual Studio Version 17
VisualStudioVersion = 17.0.31903.59
MinimumVisualStudioVersion = 10.0.40219.1
Project("{FAE04EC0-301F-11D3-BF4B-00C04F79EFBC}") = "ConsoleApp1", "ConsoleApp1\ConsoleApp1.csproj", "{F9E41087-9D06-4E87-BE28-12CD7B727A57}"
EndProject
Project("{FAE04EC0-301F-11D3-BF4B-00C04F79EFBC}") = "CarClasses", "CarClasses\CarClasses.csproj", "{55087689-FF07-4B64-9424-5338E411FE0A}"
EndProject
Project("{FAE04EC0-301F-11D3-BF4B-00C04F79EFBC}") = "PracticeC#", "PracticeC#\PracticeC#.csproj", "{AF3D7197-7C73-418C-B0F8-1F7B18F20510}"
EndProject
Project("{FAE04EC0-301F-11D3-BF4B-00C04F79EFBC}") = "MethodsPractice", "MethodsPractice\MethodsPractice.csproj", "{7224DE6E-2B84-4509-B6D4-8AA2E6D285BC}"
EndProject
Project("{FAE04EC0-301F-11D3-BF4B-00C04F79EFBC}") = "PriceOfPoint", "PriceOfPoint\PriceOfPoint.csproj", "{691EA146-9578-449B-BC08-6083FA1B8F8E}"
EndProject
Global
	GlobalSection(SolutionConfigurationPlatforms) = preSolution
		Debug|Any CPU = Debug|Any CPU
		Release|Any CPU = Release|Any CPU
	EndGlobalSection
	GlobalSection(SolutionProperties) = preSolution
		HideSolutionNode = FALSE
	EndGlobalSection
	GlobalSection(ProjectConfigurationPlatforms) = postSolution
		{F9E41087-9D06-4E87-BE28-12CD7B727A57}.Debug|Any CPU.ActiveCfg = Debug|Any CPU
		{F9E41087-9D06-4E87-BE28-12CD7B727A57}.Debug|Any CPU.Build.0 = Debug|Any CPU
		{F9E41087-9D06-4E87-BE28-12CD7B727A57}.Release|Any CPU.ActiveCfg = Release|Any CPU
		{F9E41087-9D06-4E87-BE28-12CD7B727A57}.Release|Any CPU.Build.0 = Release|Any CPU
		{55087689-FF07-4B64-9424-5338E411FE0A}.Debug|Any CPU.ActiveCfg = Debug|Any CPU
		{55087689-FF07-4B64-9424-5338E411FE0A}.Debug|Any CPU.Build.0 = Debug|Any CPU
		{55087689-FF07-4B64-9424-5338E411FE0A}.Release|Any CPU.ActiveCfg = Release|Any CPU
		{55087689-FF07-4B64-9424-5338E411FE0A}.Release|Any CPU.Build.0 = Release|Any CPU
		{AF3D7197-7C73-418C-B0F8-1F7B18F20510}.Debug|Any CPU.ActiveCfg = Debug|Any CPU
		{AF3D7197-7C73-418C-B0F8-1F7B18F20510}.Debug|Any CPU.Build.0 = Debug|Any CPU
		{AF3D7197-7C73-418C-B0F8-1F7B18F20510}.Release|Any CPU.ActiveCfg = Release|Any CPU
		{AF3D7197-7C73-418C-B0F8-1F7B18F20510}.Release|Any CPU.Build.0 = Release|Any CPU
		{7224DE6E-2B84-4509-B6D4-8AA2E6D285BC}.Debug|Any CPU.ActiveCfg = Debug|Any CPU
		{7224DE6E-2B84-4509-B6D4-8AA2E6D285BC}.Debug|Any CPU.Build.0 = Debug|Any CPU
		{7224DE6E-2B84-4509-B6D4-8AA2E6D285BC}.Release|Any CPU.ActiveCfg = Release|Any CPU
		{7224DE6E-2B84-4509-B6D4-8AA2E6D285BC}.Release|Any CPU.Build.0 = Release|Any CPU
		{691EA146-9578-449B-BC08-6083FA1B8F8E}.Debug|Any CPU.ActiveCfg = Debug|Any CPU
		{691EA146-9578-449B-BC08-6083FA1B8F8E}.Debug|Any CPU.Build.0 = Debug|Any CPU
		{691EA146-9578-449B-BC08-6083FA1B8F8E}.Release|Any CPU.ActiveCfg = Release|Any CPU
		{691EA146-9578-449B-BC08-6083FA1B8F8E}.Release|Any CPU.Build.0 = Release|Any CPU
	EndGlobalSection
EndGlobal
